
Microsoft Visual Studio Solution File, Format Version 12.00
# Visual Studio 15
VisualStudioVersion = 15.0.28307.539
MinimumVisualStudioVersion = 10.0.40219.1
Project("{FAE04EC0-301F-11D3-BF4B-00C04F79EFBC}") = "SchoolSystem", "SchoolSystem\SchoolSystem.csproj", "{39DE9C99-2B84-403E-BE4B-97E52BE4A1BC}"
EndProject
Project("{FAE04EC0-301F-11D3-BF4B-00C04F79EFBC}") = "Model", "Model\Model.csproj", "{E310F4A8-1A1B-49E1-9AEC-0EFAFA0CE514}"
EndProject
Global
	GlobalSection(SolutionConfigurationPlatforms) = preSolution
		Debug|Any CPU = Debug|Any CPU
		Release|Any CPU = Release|Any CPU
	EndGlobalSection
	GlobalSection(ProjectConfigurationPlatforms) = postSolution
		{39DE9C99-2B84-403E-BE4B-97E52BE4A1BC}.Debug|Any CPU.ActiveCfg = Debug|Any CPU
		{39DE9C99-2B84-403E-BE4B-97E52BE4A1BC}.Debug|Any CPU.Build.0 = Debug|Any CPU
		{39DE9C99-2B84-403E-BE4B-97E52BE4A1BC}.Release|Any CPU.ActiveCfg = Release|Any CPU
		{39DE9C99-2B84-403E-BE4B-97E52BE4A1BC}.Release|Any CPU.Build.0 = Release|Any CPU
		{E310F4A8-1A1B-49E1-9AEC-0EFAFA0CE514}.Debug|Any CPU.ActiveCfg = Debug|Any CPU
		{E310F4A8-1A1B-49E1-9AEC-0EFAFA0CE514}.Debug|Any CPU.Build.0 = Debug|Any CPU
		{E310F4A8-1A1B-49E1-9AEC-0EFAFA0CE514}.Release|Any CPU.ActiveCfg = Release|Any CPU
		{E310F4A8-1A1B-49E1-9AEC-0EFAFA0CE514}.Release|Any CPU.Build.0 = Release|Any CPU
	EndGlobalSection
	GlobalSection(SolutionProperties) = preSolution
		HideSolutionNode = FALSE
	EndGlobalSection
	GlobalSection(ExtensibilityGlobals) = postSolution
		SolutionGuid = {B7E26C55-59A8-4023-97E7-3E15AB9265E0}
	EndGlobalSection
EndGlobal
